# THIS IS AN AUTOGENERATED FILE. DO NOT EDIT THIS FILE DIRECTLY.
# yarn lockfile v1


argparse@^1.0.7:
  version "1.0.9"
  resolved "https://registry.yarnpkg.com/argparse/-/argparse-1.0.9.tgz#73d83bc263f86e97f8cc4f6bae1b0e90a7d22c86"
  dependencies:
    sprintf-js "~1.0.2"

commander@1.0.0:
  version "1.0.0"
  resolved "https://registry.yarnpkg.com/commander/-/commander-1.0.0.tgz#5e6a88e7070ff5908836ead19169548c30f90bcd"

commander@^2.9.0:
  version "2.13.0"
  resolved "https://registry.yarnpkg.com/commander/-/commander-2.13.0.tgz#6964bca67685df7c1f1430c584f07d7597885b9c"

esprima@^4.0.0:
  version "4.0.0"
  resolved "https://registry.yarnpkg.com/esprima/-/esprima-4.0.0.tgz#4499eddcd1110e0b218bacf2fa7f7f59f55ca804"

js-yaml@^3.5.2:
  version "3.10.0"
  resolved "https://registry.yarnpkg.com/js-yaml/-/js-yaml-3.10.0.tgz#2e78441646bd4682e963f22b6e92823c309c62dc"
  dependencies:
    argparse "^1.0.7"
    esprima "^4.0.0"

lodash.truncate@^4.4.2:
  version "4.4.2"
  resolved "https://registry.yarnpkg.com/lodash.truncate/-/lodash.truncate-4.4.2.tgz#5a350da0b1113b837ecfffd5812cbe58d6eae193"

markdown-to-json@^0.5.1:
  version "0.5.1"
  resolved "https://registry.yarnpkg.com/markdown-to-json/-/markdown-to-json-0.5.1.tgz#c944042cedb2f33c61521fab0bce6c9ac47acc3a"
  dependencies:
    commander "^2.9.0"
    lodash.truncate "^4.4.2"
    moment "^2.17.1"
    yaml-front-matter "^3.4.0"

moment@^2.17.1:
  version "2.20.1"
  resolved "https://registry.yarnpkg.com/moment/-/moment-2.20.1.tgz#d6eb1a46cbcc14a2b2f9434112c1ff8907f313fd"

mustache@^2.3.0:
  version "2.3.0"
  resolved "https://registry.yarnpkg.com/mustache/-/mustache-2.3.0.tgz#4028f7778b17708a489930a6e52ac3bca0da41d0"

sprintf-js@~1.0.2:
  version "1.0.3"
  resolved "https://registry.yarnpkg.com/sprintf-js/-/sprintf-js-1.0.3.tgz#04e6926f662895354f3dd015203633b857297e2c"

yaml-front-matter@^3.4.0:
  version "3.4.0"
  resolved "https://registry.yarnpkg.com/yaml-front-matter/-/yaml-front-matter-3.4.0.tgz#c4bb5c41e8797fef584b1872cc052cdc26210dca"
  dependencies:
    commander "1.0.0"
    js-yaml "^3.5.2"
